
Microsoft Visual Studio Solution File, Format Version 12.00
# Visual Studio Version 17
VisualStudioVersion = 17.2.32526.322
MinimumVisualStudioVersion = 10.0.40219.1
Project("{FAE04EC0-301F-11D3-BF4B-00C04F79EFBC}") = "WindowsFormsAppWebBrowser", "WindowsFormsAppWebBrowser\WindowsFormsAppWebBrowser.csproj", "{32282982-CB04-4CC5-9F4B-2986AB5132B7}"
EndProject
Global
	GlobalSection(SolutionConfigurationPlatforms) = preSolution
		Debug|Any CPU = Debug|Any CPU
		Release|Any CPU = Release|Any CPU
	EndGlobalSection
	GlobalSection(ProjectConfigurationPlatforms) = postSolution
		{32282982-CB04-4CC5-9F4B-2986AB5132B7}.Debug|Any CPU.ActiveCfg = Debug|Any CPU
		{32282982-CB04-4CC5-9F4B-2986AB5132B7}.Debug|Any CPU.Build.0 = Debug|Any CPU
		{32282982-CB04-4CC5-9F4B-2986AB5132B7}.Release|Any CPU.ActiveCfg = Release|Any CPU
		{32282982-CB04-4CC5-9F4B-2986AB5132B7}.Release|Any CPU.Build.0 = Release|Any CPU
	EndGlobalSection
	GlobalSection(SolutionProperties) = preSolution
		HideSolutionNode = FALSE
	EndGlobalSection
	GlobalSection(ExtensibilityGlobals) = postSolution
		SolutionGuid = {71B4F1F3-AD55-4B64-937E-FC3930F4D31F}
	EndGlobalSection
EndGlobal
